<Solution>
  <Folder Name="/Kurstage/" />
  <Folder Name="/Kurstage/2026-08-04/">
    <Project Path="Kurstage/2026-08-04/Aufgabe113/Aufgabe113.csproj" />
  </Folder>
  <Folder Name="/Kurstage/2026-08-04/Flugmanagementsystem_1/">
    <Project Path="Kurstage/2026-08-04/Flugmanagementsystem_1/Flugmanagementsystem.Web/Flugmanagementsystem.Web.csproj" />
  </Folder>
  <Folder Name="/Kurstage/2026-08-05/">
    <Project Path="Kurstage/2026-08-05/Aufgabe114/Aufgabe114.csproj" />
  </Folder>
  <Folder Name="/Kurstage/2026-08-07/">
    <Project Path="Kurstage/2026-08-07/Aufgabe115/Aufgabe115.csproj" />
    <Project Path="Kurstage/2026-08-07/Aufgabe116/Aufgabe116.csproj" />
    <Project Path="Kurstage/2026-08-07/Aufgabe117/Aufgabe117.csproj" />
  </Folder>
</Solution>
