<Solution>
  <Folder Name="/Kurstage/" />
  <Folder Name="/Kurstage/2026-07-13/">
    <Project Path="Kurstage/2026-07-13/BestellungBezahlen/BestellungBezahlen.csproj" />
    <Project Path="Kurstage/2026-07-13/BestellungBezahlenPlus/BestellungBezahlenPlus.csproj" />
    <Project Path="Kurstage/2026-07-13/UnternehmenMitLogger/UnternehmenMitLogger.csproj" />
    <Project Path="Kurstage/2026-07-13/UnternehmenMitLoggerPlus/UnternehmenMitLoggerPlus.csproj" />
  </Folder>
  <Folder Name="/Kurstage/2026-07-14/">
    <Project Path="Kurstage/2026-07-14/Aufgabe100/Aufgabe100.csproj" />
    <Project Path="Kurstage/2026-07-14/Aufgabe101/Aufgabe101.csproj" />
  </Folder>
  <Folder Name="/Kurstage/2026-07-15/">
    <Project Path="Kurstage/2026-07-15/Aufgabe102/Aufgabe102.csproj" />
    <Project Path="Kurstage/2026-07-15/BeispielTests/BeispielTests.csproj" />
  </Folder>
  <Folder Name="/Kurstage/2026-07-16/">
    <Project Path="Kurstage/2026-07-16/Aufgabe103/Aufgabe103.csproj" />
    <Project Path="Kurstage/2026-07-16/Aufgabe104/Aufgabe104.csproj" />
    <Project Path="Kurstage/2026-07-16/Aufgabe105/Aufgabe105.csproj" />
  </Folder>
  <Folder Name="/Kurstage/2026-07-17/">
    <Project Path="Kurstage/2026-07-17/Aufgabe106/Aufgabe106.csproj" />
    <Project Path="Kurstage/2026-07-17/MockBeispiel/MockBeispiel.csproj" />
  </Folder>
  <Folder Name="/Kurstage/2026-07-20/">
    <Project Path="Kurstage/2026-07-20/Aufgabe108/Aufgabe108.csproj" />
  </Folder>
  <Project Path="Beispiele/Beispiele.csproj" />
</Solution>
